
Microsoft Visual Studio Solution File, Format Version 12.00
# Visual Studio Version 16
VisualStudioVersion = 16.0.29521.150
MinimumVisualStudioVersion = 10.0.40219.1
Project("{FAE04EC0-301F-11D3-BF4B-00C04F79EFBC}") = "MicroTest.ClientService", "MicroTest.ClientService\MicroTest.ClientService.csproj", "{63754E29-A296-420C-8F56-B9A5CDCB4AFC}"
EndProject
Global
	GlobalSection(SolutionConfigurationPlatforms) = preSolution
		Debug|Any CPU = Debug|Any CPU
		Release|Any CPU = Release|Any CPU
	EndGlobalSection
	GlobalSection(ProjectConfigurationPlatforms) = postSolution
		{63754E29-A296-420C-8F56-B9A5CDCB4AFC}.Debug|Any CPU.ActiveCfg = Debug|Any CPU
		{63754E29-A296-420C-8F56-B9A5CDCB4AFC}.Debug|Any CPU.Build.0 = Debug|Any CPU
		{63754E29-A296-420C-8F56-B9A5CDCB4AFC}.Release|Any CPU.ActiveCfg = Release|Any CPU
		{63754E29-A296-420C-8F56-B9A5CDCB4AFC}.Release|Any CPU.Build.0 = Release|Any CPU
	EndGlobalSection
	GlobalSection(SolutionProperties) = preSolution
		HideSolutionNode = FALSE
	EndGlobalSection
	GlobalSection(ExtensibilityGlobals) = postSolution
		SolutionGuid = {2D6C827E-0B32-4EF9-A345-AEC9C5D8DDE0}
	EndGlobalSection
EndGlobal
